
Microsoft Visual Studio Solution File, Format Version 11.00
# Visual Studio 2010
Project("{FAE04EC0-301F-11D3-BF4B-00C04F79EFBC}") = "Dota2BuildCalculator", "Dota2BuildCalculator\Dota2BuildCalculator.csproj", "{073D88A8-BC17-44AB-8D82-B3D8D71D2568}"
EndProject
Global
	GlobalSection(SolutionConfigurationPlatforms) = preSolution
		Debug|Any CPU = Debug|Any CPU
		Release|Any CPU = Release|Any CPU
	EndGlobalSection
	GlobalSection(ProjectConfigurationPlatforms) = postSolution
		{073D88A8-BC17-44AB-8D82-B3D8D71D2568}.Debug|Any CPU.ActiveCfg = Debug|Any CPU
		{073D88A8-BC17-44AB-8D82-B3D8D71D2568}.Debug|Any CPU.Build.0 = Debug|Any CPU
		{073D88A8-BC17-44AB-8D82-B3D8D71D2568}.Release|Any CPU.ActiveCfg = Release|Any CPU
		{073D88A8-BC17-44AB-8D82-B3D8D71D2568}.Release|Any CPU.Build.0 = Release|Any CPU
	EndGlobalSection
	GlobalSection(SolutionProperties) = preSolution
		HideSolutionNode = FALSE
	EndGlobalSection
EndGlobal
